
Microsoft Visual Studio Solution File, Format Version 12.00
# Visual Studio Version 17
VisualStudioVersion = 17.4.33205.214
MinimumVisualStudioVersion = 10.0.40219.1
Project("{FAE04EC0-301F-11D3-BF4B-00C04F79EFBC}") = "tskmgr", "tskmgr\tskmgr.csproj", "{30B83B00-C940-48B4-BE41-AF4A047AB296}"
EndProject
Global
	GlobalSection(SolutionConfigurationPlatforms) = preSolution
		Debug|Any CPU = Debug|Any CPU
		Release|Any CPU = Release|Any CPU
	EndGlobalSection
	GlobalSection(ProjectConfigurationPlatforms) = postSolution
		{30B83B00-C940-48B4-BE41-AF4A047AB296}.Debug|Any CPU.ActiveCfg = Debug|Any CPU
		{30B83B00-C940-48B4-BE41-AF4A047AB296}.Debug|Any CPU.Build.0 = Debug|Any CPU
		{30B83B00-C940-48B4-BE41-AF4A047AB296}.Release|Any CPU.ActiveCfg = Release|Any CPU
		{30B83B00-C940-48B4-BE41-AF4A047AB296}.Release|Any CPU.Build.0 = Release|Any CPU
	EndGlobalSection
	GlobalSection(SolutionProperties) = preSolution
		HideSolutionNode = FALSE
	EndGlobalSection
	GlobalSection(ExtensibilityGlobals) = postSolution
		SolutionGuid = {A095EB0D-4CBC-41B4-A56C-FD490DC1DADC}
	EndGlobalSection
EndGlobal
